# This file is automatically @generated by Cargo.
# It is not intended for manual editing.
version = 3

[[package]]
name = "alloc"
version = "0.0.0"
dependencies = [
 "compiler_builtins",
]

[[package]]
name = "cfg-if"
version = "1.0.0"
source = "registry+https://github.com/rust-lang/crates.io-index"
checksum = "baf1de4339761588bc0619e3cbc0120ee582ebb74b53b4efbf79117bd2da40fd"
dependencies = [
 "compiler_builtins",
 "rustc-std-workspace-core",
]

[[package]]
name = "compiler_builtins"
version = "0.1.93"
source = "registry+https://github.com/rust-lang/crates.io-index"
checksum = "76630810d973ecea3dbf611e1b7aecfb1012751ef1ff8de3998f89014a166781"

[[package]]
name = "core"
version = "0.0.0"

[[package]]
name = "libc"
version = "0.2.146"
source = "registry+https://github.com/rust-lang/crates.io-index"
checksum = "f92be4933c13fd498862a9e02a3055f8a8d9c039ce33db97306fd5a6caa7f29b"

[[package]]
name = "panic_abort"
version = "0.0.0"
dependencies = [
 "alloc",
 "cfg-if",
 "compiler_builtins",
 "core",
 "libc",
]

[[package]]
name = "rustc-std-workspace-core"
version = "1.0.0"
source = "registry+https://github.com/rust-lang/crates.io-index"
checksum = "1956f5517128a2b6f23ab2dadf1a976f4f5b27962e7724c2bf3d45e539ec098c"
